// !$*UTF8*$!
{
	archiveVersion = 1;
	classes = {
	};
	objectVersion = 46;
	objects = {

/* Begin PBXBuildFile section */
		11883A8D1554CB04001F1B4B /* calendar.png in Resources */ = {isa = PBXBuildFile; fileRef = 11883A8B1554CB04001F1B4B /* calendar.png */; };
		11883A8E1554CB04001F1B4B /* calendar@2x.png in Resources */ = {isa = PBXBuildFile; fileRef = 11883A8C1554CB04001F1B4B /* calendar@2x.png */; };
		118BB87615939CE9005038BE /* EventKit.framework in Frameworks */ = {isa = PBXBuildFile; fileRef = 118BB87415939CE9005038BE /* EventKit.framework */; };
		118BB87715939CE9005038BE /* EventKitUI.framework in Frameworks */ = {isa = PBXBuildFile; fileRef = 118BB87515939CE9005038BE /* EventKitUI.framework */; };
		11969A4E1551D87500388E33 /* UIKit.framework in Frameworks */ = {isa = PBXBuildFile; fileRef = 11969A4D1551D87500388E33 /* UIKit.framework */; };
		11969A501551D87500388E33 /* Foundation.framework in Frameworks */ = {isa = PBXBuildFile; fileRef = 11969A4F1551D87500388E33 /* Foundation.framework */; };
		11969A521551D87500388E33 /* CoreGraphics.framework in Frameworks */ = {isa = PBXBuildFile; fileRef = 11969A511551D87500388E33 /* CoreGraphics.framework */; };
		11969A581551D87500388E33 /* InfoPlist.strings in Resources */ = {isa = PBXBuildFile; fileRef = 11969A561551D87500388E33 /* InfoPlist.strings */; };
		11969A5A1551D87500388E33 /* main.m in Sources */ = {isa = PBXBuildFile; fileRef = 11969A591551D87500388E33 /* main.m */; };
		11969A5E1551D87500388E33 /* TCAppDelegate.m in Sources */ = {isa = PBXBuildFile; fileRef = 11969A5D1551D87500388E33 /* TCAppDelegate.m */; };
		11969A601551D87500388E33 /* PlazaMobile.entitlements in Resources */ = {isa = PBXBuildFile; fileRef = 11969A5F1551D87500388E33 /* PlazaMobile.entitlements */; };
		11969A631551D87500388E33 /* MainStoryboard.storyboard in Resources */ = {isa = PBXBuildFile; fileRef = 11969A611551D87500388E33 /* MainStoryboard.storyboard */; };
		11969A661551D87500388E33 /* TCPlazaViewController.m in Sources */ = {isa = PBXBuildFile; fileRef = 11969A651551D87500388E33 /* TCPlazaViewController.m */; };
		11969A711551DB5600388E33 /* TCPlazaController.m in Sources */ = {isa = PBXBuildFile; fileRef = 11969A701551DB5600388E33 /* TCPlazaController.m */; };
		11969A751551DFAD00388E33 /* TCItem.m in Sources */ = {isa = PBXBuildFile; fileRef = 11969A741551DFAD00388E33 /* TCItem.m */; };
		11969A781551DFC200388E33 /* TCTopic.m in Sources */ = {isa = PBXBuildFile; fileRef = 11969A771551DFC200388E33 /* TCTopic.m */; };
		11969A7B1551DFCF00388E33 /* TCPrayer.m in Sources */ = {isa = PBXBuildFile; fileRef = 11969A7A1551DFCF00388E33 /* TCPrayer.m */; };
		11969A7E1551DFDA00388E33 /* TCNeed.m in Sources */ = {isa = PBXBuildFile; fileRef = 11969A7D1551DFDA00388E33 /* TCNeed.m */; };
		11969A811551DFE600388E33 /* TCAlbum.m in Sources */ = {isa = PBXBuildFile; fileRef = 11969A801551DFE600388E33 /* TCAlbum.m */; };
		11969A841551DFF100388E33 /* TCEvent.m in Sources */ = {isa = PBXBuildFile; fileRef = 11969A831551DFF100388E33 /* TCEvent.m */; };
		11969A8D1551F77200388E33 /* TCTopicCell.m in Sources */ = {isa = PBXBuildFile; fileRef = 11969A8C1551F77200388E33 /* TCTopicCell.m */; };
		11DA1AF4155331B9006FC774 /* QuartzCore.framework in Frameworks */ = {isa = PBXBuildFile; fileRef = 11DA1AF3155331B9006FC774 /* QuartzCore.framework */; };
		11DA1B0315533283006FC774 /* EGORefreshTableHeaderView.m in Sources */ = {isa = PBXBuildFile; fileRef = 11DA1AF915533283006FC774 /* EGORefreshTableHeaderView.m */; };
		11DA1B0415533283006FC774 /* blackArrow.png in Resources */ = {isa = PBXBuildFile; fileRef = 11DA1AFB15533283006FC774 /* blackArrow.png */; };
		11DA1B0515533283006FC774 /* blackArrow@2x.png in Resources */ = {isa = PBXBuildFile; fileRef = 11DA1AFC15533283006FC774 /* blackArrow@2x.png */; };
		11DA1B0615533283006FC774 /* blueArrow.png in Resources */ = {isa = PBXBuildFile; fileRef = 11DA1AFD15533283006FC774 /* blueArrow.png */; };
		11DA1B0715533283006FC774 /* blueArrow@2x.png in Resources */ = {isa = PBXBuildFile; fileRef = 11DA1AFE15533283006FC774 /* blueArrow@2x.png */; };
		11DA1B0815533283006FC774 /* grayArrow.png in Resources */ = {isa = PBXBuildFile; fileRef = 11DA1AFF15533283006FC774 /* grayArrow.png */; };
		11DA1B0915533283006FC774 /* grayArrow@2x.png in Resources */ = {isa = PBXBuildFile; fileRef = 11DA1B0015533283006FC774 /* grayArrow@2x.png */; };
		11DA1B0A15533283006FC774 /* whiteArrow.png in Resources */ = {isa = PBXBuildFile; fileRef = 11DA1B0115533283006FC774 /* whiteArrow.png */; };
		11DA1B0B15533283006FC774 /* whiteArrow@2x.png in Resources */ = {isa = PBXBuildFile; fileRef = 11DA1B0215533283006FC774 /* whiteArrow@2x.png */; };
		11DA1B1715533A47006FC774 /* plaza_album.png in Resources */ = {isa = PBXBuildFile; fileRef = 11DA1B0D15533A47006FC774 /* plaza_album.png */; };
		11DA1B1815533A47006FC774 /* plaza_album@2x.png in Resources */ = {isa = PBXBuildFile; fileRef = 11DA1B0E15533A47006FC774 /* plaza_album@2x.png */; };
		11DA1B1915533A47006FC774 /* plaza_event.png in Resources */ = {isa = PBXBuildFile; fileRef = 11DA1B0F15533A47006FC774 /* plaza_event.png */; };
		11DA1B1A15533A47006FC774 /* plaza_event@2x.png in Resources */ = {isa = PBXBuildFile; fileRef = 11DA1B1015533A47006FC774 /* plaza_event@2x.png */; };
		11DA1B1B15533A47006FC774 /* plaza_need.png in Resources */ = {isa = PBXBuildFile; fileRef = 11DA1B1115533A47006FC774 /* plaza_need.png */; };
		11DA1B1C15533A47006FC774 /* plaza_need@2x.png in Resources */ = {isa = PBXBuildFile; fileRef = 11DA1B1215533A47006FC774 /* plaza_need@2x.png */; };
		11DA1B1D15533A47006FC774 /* plaza_prayer.png in Resources */ = {isa = PBXBuildFile; fileRef = 11DA1B1315533A47006FC774 /* plaza_prayer.png */; };
		11DA1B1E15533A47006FC774 /* plaza_prayer@2x.png in Resources */ = {isa = PBXBuildFile; fileRef = 11DA1B1415533A47006FC774 /* plaza_prayer@2x.png */; };
		11DA1B1F15533A47006FC774 /* plaza_topic.png in Resources */ = {isa = PBXBuildFile; fileRef = 11DA1B1515533A47006FC774 /* plaza_topic.png */; };
		11DA1B2015533A47006FC774 /* plaza_topic@2x.png in Resources */ = {isa = PBXBuildFile; fileRef = 11DA1B1615533A47006FC774 /* plaza_topic@2x.png */; };
		11DA1B2315533DAD006FC774 /* TCItemViewController.m in Sources */ = {isa = PBXBuildFile; fileRef = 11DA1B2215533DAD006FC774 /* TCItemViewController.m */; };
		11DA1B2515533E8F006FC774 /* item.html in Resources */ = {isa = PBXBuildFile; fileRef = 11DA1B2415533E8F006FC774 /* item.html */; };
/* End PBXBuildFile section */

/* Begin PBXFileReference section */
		11883A8B1554CB04001F1B4B /* calendar.png */ = {isa = PBXFileReference; lastKnownFileType = image.png; path = calendar.png; sourceTree = "<group>"; };
		11883A8C1554CB04001F1B4B /* calendar@2x.png */ = {isa = PBXFileReference; lastKnownFileType = image.png; path = "calendar@2x.png"; sourceTree = "<group>"; };
		118BB87415939CE9005038BE /* EventKit.framework */ = {isa = PBXFileReference; lastKnownFileType = wrapper.framework; name = EventKit.framework; path = System/Library/Frameworks/EventKit.framework; sourceTree = SDKROOT; };
		118BB87515939CE9005038BE /* EventKitUI.framework */ = {isa = PBXFileReference; lastKnownFileType = wrapper.framework; name = EventKitUI.framework; path = System/Library/Frameworks/EventKitUI.framework; sourceTree = SDKROOT; };
		11969A491551D87500388E33 /* PlazaMobile.app */ = {isa = PBXFileReference; explicitFileType = wrapper.application; includeInIndex = 0; path = PlazaMobile.app; sourceTree = BUILT_PRODUCTS_DIR; };
		11969A4D1551D87500388E33 /* UIKit.framework */ = {isa = PBXFileReference; lastKnownFileType = wrapper.framework; name = UIKit.framework; path = System/Library/Frameworks/UIKit.framework; sourceTree = SDKROOT; };
		11969A4F1551D87500388E33 /* Foundation.framework */ = {isa = PBXFileReference; lastKnownFileType = wrapper.framework; name = Foundation.framework; path = System/Library/Frameworks/Foundation.framework; sourceTree = SDKROOT; };
		11969A511551D87500388E33 /* CoreGraphics.framework */ = {isa = PBXFileReference; lastKnownFileType = wrapper.framework; name = CoreGraphics.framework; path = System/Library/Frameworks/CoreGraphics.framework; sourceTree = SDKROOT; };
		11969A551551D87500388E33 /* PlazaMobile-Info.plist */ = {isa = PBXFileReference; lastKnownFileType = text.plist.xml; path = "PlazaMobile-Info.plist"; sourceTree = "<group>"; };
		11969A571551D87500388E33 /* en */ = {isa = PBXFileReference; lastKnownFileType = text.plist.strings; name = en; path = en.lproj/InfoPlist.strings; sourceTree = "<group>"; };
		11969A591551D87500388E33 /* main.m */ = {isa = PBXFileReference; lastKnownFileType = sourcecode.c.objc; path = main.m; sourceTree = "<group>"; };
		11969A5B1551D87500388E33 /* PlazaMobile-Prefix.pch */ = {isa = PBXFileReference; lastKnownFileType = sourcecode.c.h; path = "PlazaMobile-Prefix.pch"; sourceTree = "<group>"; };
		11969A5C1551D87500388E33 /* TCAppDelegate.h */ = {isa = PBXFileReference; lastKnownFileType = sourcecode.c.h; path = TCAppDelegate.h; sourceTree = "<group>"; };
		11969A5D1551D87500388E33 /* TCAppDelegate.m */ = {isa = PBXFileReference; lastKnownFileType = sourcecode.c.objc; path = TCAppDelegate.m; sourceTree = "<group>"; };
		11969A5F1551D87500388E33 /* PlazaMobile.entitlements */ = {isa = PBXFileReference; lastKnownFileType = text.xml; path = PlazaMobile.entitlements; sourceTree = "<group>"; };
		11969A621551D87500388E33 /* en */ = {isa = PBXFileReference; lastKnownFileType = file.storyboard; name = en; path = en.lproj/MainStoryboard.storyboard; sourceTree = "<group>"; };
		11969A641551D87500388E33 /* TCPlazaViewController.h */ = {isa = PBXFileReference; lastKnownFileType = sourcecode.c.h; path = TCPlazaViewController.h; sourceTree = "<group>"; };
		11969A651551D87500388E33 /* TCPlazaViewController.m */ = {isa = PBXFileReference; lastKnownFileType = sourcecode.c.objc; path = TCPlazaViewController.m; sourceTree = "<group>"; };
		11969A6F1551DB5600388E33 /* TCPlazaController.h */ = {isa = PBXFileReference; fileEncoding = 4; lastKnownFileType = sourcecode.c.h; path = TCPlazaController.h; sourceTree = "<group>"; };
		11969A701551DB5600388E33 /* TCPlazaController.m */ = {isa = PBXFileReference; fileEncoding = 4; lastKnownFileType = sourcecode.c.objc; path = TCPlazaController.m; sourceTree = "<group>"; };
		11969A731551DFAD00388E33 /* TCItem.h */ = {isa = PBXFileReference; fileEncoding = 4; lastKnownFileType = sourcecode.c.h; path = TCItem.h; sourceTree = "<group>"; };
		11969A741551DFAD00388E33 /* TCItem.m */ = {isa = PBXFileReference; fileEncoding = 4; lastKnownFileType = sourcecode.c.objc; path = TCItem.m; sourceTree = "<group>"; };
		11969A761551DFC200388E33 /* TCTopic.h */ = {isa = PBXFileReference; fileEncoding = 4; lastKnownFileType = sourcecode.c.h; path = TCTopic.h; sourceTree = "<group>"; };
		11969A771551DFC200388E33 /* TCTopic.m */ = {isa = PBXFileReference; fileEncoding = 4; lastKnownFileType = sourcecode.c.objc; path = TCTopic.m; sourceTree = "<group>"; };
		11969A791551DFCF00388E33 /* TCPrayer.h */ = {isa = PBXFileReference; fileEncoding = 4; lastKnownFileType = sourcecode.c.h; path = TCPrayer.h; sourceTree = "<group>"; };
		11969A7A1551DFCF00388E33 /* TCPrayer.m */ = {isa = PBXFileReference; fileEncoding = 4; lastKnownFileType = sourcecode.c.objc; path = TCPrayer.m; sourceTree = "<group>"; };
		11969A7C1551DFDA00388E33 /* TCNeed.h */ = {isa = PBXFileReference; fileEncoding = 4; lastKnownFileType = sourcecode.c.h; path = TCNeed.h; sourceTree = "<group>"; };
		11969A7D1551DFDA00388E33 /* TCNeed.m */ = {isa = PBXFileReference; fileEncoding = 4; lastKnownFileType = sourcecode.c.objc; path = TCNeed.m; sourceTree = "<group>"; };
		11969A7F1551DFE600388E33 /* TCAlbum.h */ = {isa = PBXFileReference; fileEncoding = 4; lastKnownFileType = sourcecode.c.h; path = TCAlbum.h; sourceTree = "<group>"; };
		11969A801551DFE600388E33 /* TCAlbum.m */ = {isa = PBXFileReference; fileEncoding = 4; lastKnownFileType = sourcecode.c.objc; path = TCAlbum.m; sourceTree = "<group>"; };
		11969A821551DFF100388E33 /* TCEvent.h */ = {isa = PBXFileReference; fileEncoding = 4; lastKnownFileType = sourcecode.c.h; path = TCEvent.h; sourceTree = "<group>"; };
		11969A831551DFF100388E33 /* TCEvent.m */ = {isa = PBXFileReference; fileEncoding = 4; lastKnownFileType = sourcecode.c.objc; path = TCEvent.m; sourceTree = "<group>"; };
		11969A851551E03A00388E33 /* PlazaKit.h */ = {isa = PBXFileReference; lastKnownFileType = sourcecode.c.h; path = PlazaKit.h; sourceTree = "<group>"; };
		11969A861551E77100388E33 /* TCItem_Private.h */ = {isa = PBXFileReference; lastKnownFileType = sourcecode.c.h; path = TCItem_Private.h; sourceTree = "<group>"; };
		11969A8B1551F77200388E33 /* TCTopicCell.h */ = {isa = PBXFileReference; fileEncoding = 4; lastKnownFileType = sourcecode.c.h; path = TCTopicCell.h; sourceTree = "<group>"; };
		11969A8C1551F77200388E33 /* TCTopicCell.m */ = {isa = PBXFileReference; fileEncoding = 4; lastKnownFileType = sourcecode.c.objc; path = TCTopicCell.m; sourceTree = "<group>"; };
		11DA1AF3155331B9006FC774 /* QuartzCore.framework */ = {isa = PBXFileReference; lastKnownFileType = wrapper.framework; name = QuartzCore.framework; path = System/Library/Frameworks/QuartzCore.framework; sourceTree = SDKROOT; };
		11DA1AF815533283006FC774 /* EGORefreshTableHeaderView.h */ = {isa = PBXFileReference; fileEncoding = 4; lastKnownFileType = sourcecode.c.h; path = EGORefreshTableHeaderView.h; sourceTree = "<group>"; };
		11DA1AF915533283006FC774 /* EGORefreshTableHeaderView.m */ = {isa = PBXFileReference; fileEncoding = 4; lastKnownFileType = sourcecode.c.objc; path = EGORefreshTableHeaderView.m; sourceTree = "<group>"; };
		11DA1AFB15533283006FC774 /* blackArrow.png */ = {isa = PBXFileReference; lastKnownFileType = image.png; path = blackArrow.png; sourceTree = "<group>"; };
		11DA1AFC15533283006FC774 /* blackArrow@2x.png */ = {isa = PBXFileReference; lastKnownFileType = image.png; path = "blackArrow@2x.png"; sourceTree = "<group>"; };
		11DA1AFD15533283006FC774 /* blueArrow.png */ = {isa = PBXFileReference; lastKnownFileType = image.png; path = blueArrow.png; sourceTree = "<group>"; };
		11DA1AFE15533283006FC774 /* blueArrow@2x.png */ = {isa = PBXFileReference; lastKnownFileType = image.png; path = "blueArrow@2x.png"; sourceTree = "<group>"; };
		11DA1AFF15533283006FC774 /* grayArrow.png */ = {isa = PBXFileReference; lastKnownFileType = image.png; path = grayArrow.png; sourceTree = "<group>"; };
		11DA1B0015533283006FC774 /* grayArrow@2x.png */ = {isa = PBXFileReference; lastKnownFileType = image.png; path = "grayArrow@2x.png"; sourceTree = "<group>"; };
		11DA1B0115533283006FC774 /* whiteArrow.png */ = {isa = PBXFileReference; lastKnownFileType = image.png; path = whiteArrow.png; sourceTree = "<group>"; };
		11DA1B0215533283006FC774 /* whiteArrow@2x.png */ = {isa = PBXFileReference; lastKnownFileType = image.png; path = "whiteArrow@2x.png"; sourceTree = "<group>"; };
		11DA1B0D15533A47006FC774 /* plaza_album.png */ = {isa = PBXFileReference; lastKnownFileType = image.png; path = plaza_album.png; sourceTree = "<group>"; };
		11DA1B0E15533A47006FC774 /* plaza_album@2x.png */ = {isa = PBXFileReference; lastKnownFileType = image.png; path = "plaza_album@2x.png"; sourceTree = "<group>"; };
		11DA1B0F15533A47006FC774 /* plaza_event.png */ = {isa = PBXFileReference; lastKnownFileType = image.png; path = plaza_event.png; sourceTree = "<group>"; };
		11DA1B1015533A47006FC774 /* plaza_event@2x.png */ = {isa = PBXFileReference; lastKnownFileType = image.png; path = "plaza_event@2x.png"; sourceTree = "<group>"; };
		11DA1B1115533A47006FC774 /* plaza_need.png */ = {isa = PBXFileReference; lastKnownFileType = image.png; path = plaza_need.png; sourceTree = "<group>"; };
		11DA1B1215533A47006FC774 /* plaza_need@2x.png */ = {isa = PBXFileReference; lastKnownFileType = image.png; path = "plaza_need@2x.png"; sourceTree = "<group>"; };
		11DA1B1315533A47006FC774 /* plaza_prayer.png */ = {isa = PBXFileReference; lastKnownFileType = image.png; path = plaza_prayer.png; sourceTree = "<group>"; };
		11DA1B1415533A47006FC774 /* plaza_prayer@2x.png */ = {isa = PBXFileReference; lastKnownFileType = image.png; path = "plaza_prayer@2x.png"; sourceTree = "<group>"; };
		11DA1B1515533A47006FC774 /* plaza_topic.png */ = {isa = PBXFileReference; lastKnownFileType = image.png; path = plaza_topic.png; sourceTree = "<group>"; };
		11DA1B1615533A47006FC774 /* plaza_topic@2x.png */ = {isa = PBXFileReference; lastKnownFileType = image.png; path = "plaza_topic@2x.png"; sourceTree = "<group>"; };
		11DA1B2115533DAC006FC774 /* TCItemViewController.h */ = {isa = PBXFileReference; fileEncoding = 4; lastKnownFileType = sourcecode.c.h; path = TCItemViewController.h; sourceTree = "<group>"; };
		11DA1B2215533DAD006FC774 /* TCItemViewController.m */ = {isa = PBXFileReference; fileEncoding = 4; lastKnownFileType = sourcecode.c.objc; path = TCItemViewController.m; sourceTree = "<group>"; };
		11DA1B2415533E8F006FC774 /* item.html */ = {isa = PBXFileReference; fileEncoding = 4; lastKnownFileType = text.html; path = item.html; sourceTree = "<group>"; };
/* End PBXFileReference section */

/* Begin PBXFrameworksBuildPhase section */
		11969A461551D87500388E33 /* Frameworks */ = {
			isa = PBXFrameworksBuildPhase;
			buildActionMask = 2147483647;
			files = (
				118BB87615939CE9005038BE /* EventKit.framework in Frameworks */,
				118BB87715939CE9005038BE /* EventKitUI.framework in Frameworks */,
				11DA1AF4155331B9006FC774 /* QuartzCore.framework in Frameworks */,
				11969A4E1551D87500388E33 /* UIKit.framework in Frameworks */,
				11969A501551D87500388E33 /* Foundation.framework in Frameworks */,
				11969A521551D87500388E33 /* CoreGraphics.framework in Frameworks */,
			);
			runOnlyForDeploymentPostprocessing = 0;
		};
/* End PBXFrameworksBuildPhase section */

/* Begin PBXGroup section */
		11969A3E1551D87500388E33 = {
			isa = PBXGroup;
			children = (
				11969A531551D87500388E33 /* PlazaMobile */,
				11DA1AEB1553316B006FC774 /* 3rd Party */,
				11969A4C1551D87500388E33 /* Frameworks */,
				11969A4A1551D87500388E33 /* Products */,
			);
			sourceTree = "<group>";
		};
		11969A4A1551D87500388E33 /* Products */ = {
			isa = PBXGroup;
			children = (
				11969A491551D87500388E33 /* PlazaMobile.app */,
			);
			name = Products;
			sourceTree = "<group>";
		};
		11969A4C1551D87500388E33 /* Frameworks */ = {
			isa = PBXGroup;
			children = (
				118BB87415939CE9005038BE /* EventKit.framework */,
				118BB87515939CE9005038BE /* EventKitUI.framework */,
				11DA1AF3155331B9006FC774 /* QuartzCore.framework */,
				11969A4D1551D87500388E33 /* UIKit.framework */,
				11969A4F1551D87500388E33 /* Foundation.framework */,
				11969A511551D87500388E33 /* CoreGraphics.framework */,
			);
			name = Frameworks;
			sourceTree = "<group>";
		};
		11969A531551D87500388E33 /* PlazaMobile */ = {
			isa = PBXGroup;
			children = (
				11969A5C1551D87500388E33 /* TCAppDelegate.h */,
				11969A5D1551D87500388E33 /* TCAppDelegate.m */,
				11969A611551D87500388E33 /* MainStoryboard.storyboard */,
				11969A641551D87500388E33 /* TCPlazaViewController.h */,
				11969A651551D87500388E33 /* TCPlazaViewController.m */,
				11969A8B1551F77200388E33 /* TCTopicCell.h */,
				11969A8C1551F77200388E33 /* TCTopicCell.m */,
				11DA1B2115533DAC006FC774 /* TCItemViewController.h */,
				11DA1B2215533DAD006FC774 /* TCItemViewController.m */,
				11969A721551DF9800388E33 /* PlazaKit */,
				11969A541551D87500388E33 /* Supporting Files */,
			);
			path = PlazaMobile;
			sourceTree = "<group>";
		};
		11969A541551D87500388E33 /* Supporting Files */ = {
			isa = PBXGroup;
			children = (
				11DA1B0C15533A3D006FC774 /* Images */,
				11969A551551D87500388E33 /* PlazaMobile-Info.plist */,
				11969A561551D87500388E33 /* InfoPlist.strings */,
				11969A591551D87500388E33 /* main.m */,
				11969A5B1551D87500388E33 /* PlazaMobile-Prefix.pch */,
				11969A5F1551D87500388E33 /* PlazaMobile.entitlements */,
				11DA1B2415533E8F006FC774 /* item.html */,
			);
			name = "Supporting Files";
			sourceTree = "<group>";
		};
		11969A721551DF9800388E33 /* PlazaKit */ = {
			isa = PBXGroup;
			children = (
				11969A851551E03A00388E33 /* PlazaKit.h */,
				11969A6F1551DB5600388E33 /* TCPlazaController.h */,
				11969A701551DB5600388E33 /* TCPlazaController.m */,
				11969A861551E77100388E33 /* TCItem_Private.h */,
				11969A731551DFAD00388E33 /* TCItem.h */,
				11969A741551DFAD00388E33 /* TCItem.m */,
				11969A761551DFC200388E33 /* TCTopic.h */,
				11969A771551DFC200388E33 /* TCTopic.m */,
				11969A821551DFF100388E33 /* TCEvent.h */,
				11969A831551DFF100388E33 /* TCEvent.m */,
				11969A7C1551DFDA00388E33 /* TCNeed.h */,
				11969A7D1551DFDA00388E33 /* TCNeed.m */,
				11969A791551DFCF00388E33 /* TCPrayer.h */,
				11969A7A1551DFCF00388E33 /* TCPrayer.m */,
				11969A7F1551DFE600388E33 /* TCAlbum.h */,
				11969A801551DFE600388E33 /* TCAlbum.m */,
			);
			name = PlazaKit;
			sourceTree = "<group>";
		};
		11DA1AEB1553316B006FC774 /* 3rd Party */ = {
			isa = PBXGroup;
			children = (
				11DA1AF515533283006FC774 /* EGOTableViewPullRefresh */,
			);
			name = "3rd Party";
			sourceTree = "<group>";
		};
		11DA1AF515533283006FC774 /* EGOTableViewPullRefresh */ = {
			isa = PBXGroup;
			children = (
				11DA1AF615533283006FC774 /* Classes */,
				11DA1AFA15533283006FC774 /* Resources */,
			);
			path = EGOTableViewPullRefresh;
			sourceTree = "<group>";
		};
		11DA1AF615533283006FC774 /* Classes */ = {
			isa = PBXGroup;
			children = (
				11DA1AF715533283006FC774 /* View */,
			);
			path = Classes;
			sourceTree = "<group>";
		};
		11DA1AF715533283006FC774 /* View */ = {
			isa = PBXGroup;
			children = (
				11DA1AF815533283006FC774 /* EGORefreshTableHeaderView.h */,
				11DA1AF915533283006FC774 /* EGORefreshTableHeaderView.m */,
			);
			path = View;
			sourceTree = "<group>";
		};
		11DA1AFA15533283006FC774 /* Resources */ = {
			isa = PBXGroup;
			children = (
				11DA1AFB15533283006FC774 /* blackArrow.png */,
				11DA1AFC15533283006FC774 /* blackArrow@2x.png */,
				11DA1AFD15533283006FC774 /* blueArrow.png */,
				11DA1AFE15533283006FC774 /* blueArrow@2x.png */,
				11DA1AFF15533283006FC774 /* grayArrow.png */,
				11DA1B0015533283006FC774 /* grayArrow@2x.png */,
				11DA1B0115533283006FC774 /* whiteArrow.png */,
				11DA1B0215533283006FC774 /* whiteArrow@2x.png */,
			);
			path = Resources;
			sourceTree = "<group>";
		};
		11DA1B0C15533A3D006FC774 /* Images */ = {
			isa = PBXGroup;
			children = (
				11883A8B1554CB04001F1B4B /* calendar.png */,
				11883A8C1554CB04001F1B4B /* calendar@2x.png */,
				11DA1B0D15533A47006FC774 /* plaza_album.png */,
				11DA1B0E15533A47006FC774 /* plaza_album@2x.png */,
				11DA1B0F15533A47006FC774 /* plaza_event.png */,
				11DA1B1015533A47006FC774 /* plaza_event@2x.png */,
				11DA1B1115533A47006FC774 /* plaza_need.png */,
				11DA1B1215533A47006FC774 /* plaza_need@2x.png */,
				11DA1B1315533A47006FC774 /* plaza_prayer.png */,
				11DA1B1415533A47006FC774 /* plaza_prayer@2x.png */,
				11DA1B1515533A47006FC774 /* plaza_topic.png */,
				11DA1B1615533A47006FC774 /* plaza_topic@2x.png */,
			);
			name = Images;
			sourceTree = "<group>";
		};
/* End PBXGroup section */

/* Begin PBXNativeTarget section */
		11969A481551D87500388E33 /* PlazaMobile */ = {
			isa = PBXNativeTarget;
			buildConfigurationList = 11969A6C1551D87500388E33 /* Build configuration list for PBXNativeTarget "PlazaMobile" */;
			buildPhases = (
				11969A451551D87500388E33 /* Sources */,
				11969A461551D87500388E33 /* Frameworks */,
				11969A471551D87500388E33 /* Resources */,
			);
			buildRules = (
			);
			dependencies = (
			);
			name = PlazaMobile;
			productName = PlazaMobile;
			productReference = 11969A491551D87500388E33 /* PlazaMobile.app */;
			productType = "com.apple.product-type.application";
		};
/* End PBXNativeTarget section */

/* Begin PBXProject section */
		11969A401551D87500388E33 /* Project object */ = {
			isa = PBXProject;
			attributes = {
				CLASSPREFIX = TC;
				LastUpgradeCheck = 0440;
				ORGANIZATIONNAME = TheCity;
			};
			buildConfigurationList = 11969A431551D87500388E33 /* Build configuration list for PBXProject "PlazaMobile" */;
			compatibilityVersion = "Xcode 3.2";
			developmentRegion = English;
			hasScannedForEncodings = 0;
			knownRegions = (
				en,
			);
			mainGroup = 11969A3E1551D87500388E33;
			productRefGroup = 11969A4A1551D87500388E33 /* Products */;
			projectDirPath = "";
			projectRoot = "";
			targets = (
				11969A481551D87500388E33 /* PlazaMobile */,
			);
		};
/* End PBXProject section */

/* Begin PBXResourcesBuildPhase section */
		11969A471551D87500388E33 /* Resources */ = {
			isa = PBXResourcesBuildPhase;
			buildActionMask = 2147483647;
			files = (
				11969A581551D87500388E33 /* InfoPlist.strings in Resources */,
				11969A601551D87500388E33 /* PlazaMobile.entitlements in Resources */,
				11969A631551D87500388E33 /* MainStoryboard.storyboard in Resources */,
				11DA1B0415533283006FC774 /* blackArrow.png in Resources */,
				11DA1B0515533283006FC774 /* blackArrow@2x.png in Resources */,
				11DA1B0615533283006FC774 /* blueArrow.png in Resources */,
				11DA1B0715533283006FC774 /* blueArrow@2x.png in Resources */,
				11DA1B0815533283006FC774 /* grayArrow.png in Resources */,
				11DA1B0915533283006FC774 /* grayArrow@2x.png in Resources */,
				11DA1B0A15533283006FC774 /* whiteArrow.png in Resources */,
				11DA1B0B15533283006FC774 /* whiteArrow@2x.png in Resources */,
				11DA1B1715533A47006FC774 /* plaza_album.png in Resources */,
				11DA1B1815533A47006FC774 /* plaza_album@2x.png in Resources */,
				11DA1B1915533A47006FC774 /* plaza_event.png in Resources */,
				11DA1B1A15533A47006FC774 /* plaza_event@2x.png in Resources */,
				11DA1B1B15533A47006FC774 /* plaza_need.png in Resources */,
				11DA1B1C15533A47006FC774 /* plaza_need@2x.png in Resources */,
				11DA1B1D15533A47006FC774 /* plaza_prayer.png in Resources */,
				11DA1B1E15533A47006FC774 /* plaza_prayer@2x.png in Resources */,
				11DA1B1F15533A47006FC774 /* plaza_topic.png in Resources */,
				11DA1B2015533A47006FC774 /* plaza_topic@2x.png in Resources */,
				11DA1B2515533E8F006FC774 /* item.html in Resources */,
				11883A8D1554CB04001F1B4B /* calendar.png in Resources */,
				11883A8E1554CB04001F1B4B /* calendar@2x.png in Resources */,
			);
			runOnlyForDeploymentPostprocessing = 0;
		};
/* End PBXResourcesBuildPhase section */

/* Begin PBXSourcesBuildPhase section */
		11969A451551D87500388E33 /* Sources */ = {
			isa = PBXSourcesBuildPhase;
			buildActionMask = 2147483647;
			files = (
				11969A5A1551D87500388E33 /* main.m in Sources */,
				11969A5E1551D87500388E33 /* TCAppDelegate.m in Sources */,
				11969A661551D87500388E33 /* TCPlazaViewController.m in Sources */,
				11969A711551DB5600388E33 /* TCPlazaController.m in Sources */,
				11969A751551DFAD00388E33 /* TCItem.m in Sources */,
				11969A781551DFC200388E33 /* TCTopic.m in Sources */,
				11969A7B1551DFCF00388E33 /* TCPrayer.m in Sources */,
				11969A7E1551DFDA00388E33 /* TCNeed.m in Sources */,
				11969A811551DFE600388E33 /* TCAlbum.m in Sources */,
				11969A841551DFF100388E33 /* TCEvent.m in Sources */,
				11969A8D1551F77200388E33 /* TCTopicCell.m in Sources */,
				11DA1B0315533283006FC774 /* EGORefreshTableHeaderView.m in Sources */,
				11DA1B2315533DAD006FC774 /* TCItemViewController.m in Sources */,
			);
			runOnlyForDeploymentPostprocessing = 0;
		};
/* End PBXSourcesBuildPhase section */

/* Begin PBXVariantGroup section */
		11969A561551D87500388E33 /* InfoPlist.strings */ = {
			isa = PBXVariantGroup;
			children = (
				11969A571551D87500388E33 /* en */,
			);
			name = InfoPlist.strings;
			sourceTree = "<group>";
		};
		11969A611551D87500388E33 /* MainStoryboard.storyboard */ = {
			isa = PBXVariantGroup;
			children = (
				11969A621551D87500388E33 /* en */,
			);
			name = MainStoryboard.storyboard;
			sourceTree = "<group>";
		};
/* End PBXVariantGroup section */

/* Begin XCBuildConfiguration section */
		11969A6A1551D87500388E33 /* Debug */ = {
			isa = XCBuildConfiguration;
			buildSettings = {
				ALWAYS_SEARCH_USER_PATHS = NO;
				ARCHS = "$(ARCHS_STANDARD_32_BIT)";
				CLANG_ENABLE_OBJC_ARC = YES;
				CLANG_WARN__DUPLICATE_METHOD_MATCH = YES;
				"CODE_SIGN_IDENTITY[sdk=iphoneos*]" = "iPhone Developer";
				COPY_PHASE_STRIP = NO;
				GCC_C_LANGUAGE_STANDARD = gnu99;
				GCC_DYNAMIC_NO_PIC = NO;
				GCC_OPTIMIZATION_LEVEL = 0;
				GCC_PREPROCESSOR_DEFINITIONS = (
					"DEBUG=1",
					"$(inherited)",
				);
				GCC_SYMBOLS_PRIVATE_EXTERN = NO;
				GCC_VERSION = com.apple.compilers.llvm.clang.1_0;
				GCC_WARN_ABOUT_RETURN_TYPE = YES;
				GCC_WARN_UNINITIALIZED_AUTOS = YES;
				GCC_WARN_UNUSED_VARIABLE = YES;
				IPHONEOS_DEPLOYMENT_TARGET = 5.1;
				SDKROOT = iphoneos;
			};
			name = Debug;
		};
		11969A6B1551D87500388E33 /* Release */ = {
			isa = XCBuildConfiguration;
			buildSettings = {
				ALWAYS_SEARCH_USER_PATHS = NO;
				ARCHS = "$(ARCHS_STANDARD_32_BIT)";
				CLANG_ENABLE_OBJC_ARC = YES;
				CLANG_WARN__DUPLICATE_METHOD_MATCH = YES;
				"CODE_SIGN_IDENTITY[sdk=iphoneos*]" = "iPhone Developer";
				COPY_PHASE_STRIP = YES;
				GCC_C_LANGUAGE_STANDARD = gnu99;
				GCC_VERSION = com.apple.compilers.llvm.clang.1_0;
				GCC_WARN_ABOUT_RETURN_TYPE = YES;
				GCC_WARN_UNINITIALIZED_AUTOS = YES;
				GCC_WARN_UNUSED_VARIABLE = YES;
				IPHONEOS_DEPLOYMENT_TARGET = 5.1;
				OTHER_CFLAGS = "-DNS_BLOCK_ASSERTIONS=1";
				SDKROOT = iphoneos;
				VALIDATE_PRODUCT = YES;
			};
			name = Release;
		};
		11969A6D1551D87500388E33 /* Debug */ = {
			isa = XCBuildConfiguration;
			buildSettings = {
				CODE_SIGN_ENTITLEMENTS = PlazaMobile/PlazaMobile.entitlements;
				GCC_PRECOMPILE_PREFIX_HEADER = YES;
				GCC_PREFIX_HEADER = "PlazaMobile/PlazaMobile-Prefix.pch";
				INFOPLIST_FILE = "PlazaMobile/PlazaMobile-Info.plist";
				IPHONEOS_DEPLOYMENT_TARGET = 5.0;
				PRODUCT_NAME = "$(TARGET_NAME)";
				WRAPPER_EXTENSION = app;
			};
			name = Debug;
		};
		11969A6E1551D87500388E33 /* Release */ = {
			isa = XCBuildConfiguration;
			buildSettings = {
				CODE_SIGN_ENTITLEMENTS = PlazaMobile/PlazaMobile.entitlements;
				GCC_PRECOMPILE_PREFIX_HEADER = YES;
				GCC_PREFIX_HEADER = "PlazaMobile/PlazaMobile-Prefix.pch";
				INFOPLIST_FILE = "PlazaMobile/PlazaMobile-Info.plist";
				IPHONEOS_DEPLOYMENT_TARGET = 5.0;
				PRODUCT_NAME = "$(TARGET_NAME)";
				WRAPPER_EXTENSION = app;
			};
			name = Release;
		};
/* End XCBuildConfiguration section */

/* Begin XCConfigurationList section */
		11969A431551D87500388E33 /* Build configuration list for PBXProject "PlazaMobile" */ = {
			isa = XCConfigurationList;
			buildConfigurations = (
				11969A6A1551D87500388E33 /* Debug */,
				11969A6B1551D87500388E33 /* Release */,
			);
			defaultConfigurationIsVisible = 0;
			defaultConfigurationName = Release;
		};
		11969A6C1551D87500388E33 /* Build configuration list for PBXNativeTarget "PlazaMobile" */ = {
			isa = XCConfigurationList;
			buildConfigurations = (
				11969A6D1551D87500388E33 /* Debug */,
				11969A6E1551D87500388E33 /* Release */,
			);
			defaultConfigurationIsVisible = 0;
			defaultConfigurationName = Release;
		};
/* End XCConfigurationList section */
	};
	rootObject = 11969A401551D87500388E33 /* Project object */;
}
